
Microsoft Visual Studio Solution File, Format Version 12.00
# Visual Studio Version 17
VisualStudioVersion = 17.6.33829.357
MinimumVisualStudioVersion = 10.0.40219.1
Project("{2150E333-8FDC-42A3-9474-1A3956D46DE8}") = "src", "src", "{2F52A958-6536-41E1-8F20-342B5B91BFBC}"
EndProject
Project("{2150E333-8FDC-42A3-9474-1A3956D46DE8}") = "tests", "tests", "{BC735634-62BB-45BF-BC6A-E6A87FA2859E}"
EndProject
Project("{9A19103F-16F7-4668-BE54-9A1E7A4F7556}") = "BetTracker.Integration.Tests", "tests\BetTracker.Integration.Tests\BetTracker.Integration.Tests.csproj", "{04361445-12D4-4A54-B55E-236FB2F54AED}"
EndProject
Project("{2150E333-8FDC-42A3-9474-1A3956D46DE8}") = "Api", "Api", "{A45897B0-1010-446A-8D8D-8ECD0592419F}"
EndProject
Project("{2150E333-8FDC-42A3-9474-1A3956D46DE8}") = "Solution Items", "Solution Items", "{C67DDB47-3AC3-4BCF-A758-BAB6B17CBE78}"
	ProjectSection(SolutionItems) = preProject
		.gitignore = .gitignore
		README.md = README.md
	EndProjectSection
EndProject
Project("{2150E333-8FDC-42A3-9474-1A3956D46DE8}") = "Core", "Core", "{A84D4DDB-3785-4C5D-8787-5F63528EDAC0}"
EndProject
Project("{2150E333-8FDC-42A3-9474-1A3956D46DE8}") = "Infrastructure", "Infrastructure", "{2D296AE3-23FD-4B89-B061-961ACF1513B4}"
EndProject
Project("{9A19103F-16F7-4668-BE54-9A1E7A4F7556}") = "Domain", "src\Core\Domain\Domain.csproj", "{D0C478AA-C0AC-4E22-8F7F-39387B130FF6}"
EndProject
Project("{9A19103F-16F7-4668-BE54-9A1E7A4F7556}") = "Application", "src\Core\Application\Application.csproj", "{EEB2B099-60FA-4378-A9F0-7A84A4DCEB8B}"
EndProject
Project("{9A19103F-16F7-4668-BE54-9A1E7A4F7556}") = "Persistence", "src\Infrastructure\Persistence\Persistence.csproj", "{7C1E4AF6-C822-4433-BE45-AD8894B00B7E}"
EndProject
Project("{FAE04EC0-301F-11D3-BF4B-00C04F79EFBC}") = "Infrastructure", "src\Infrastructure\Infrastructure\Infrastructure.csproj", "{CB7BB898-63F7-426A-9FAF-5BD3219B5B81}"
EndProject
Project("{FAE04EC0-301F-11D3-BF4B-00C04F79EFBC}") = "BetTracker.Api", "src\Api\BetTracker.Api\BetTracker.Api.csproj", "{E6C27946-30B9-44BD-B5DC-30CE2E415F96}"
EndProject
Global
	GlobalSection(SolutionConfigurationPlatforms) = preSolution
		Debug|Any CPU = Debug|Any CPU
		Release|Any CPU = Release|Any CPU
	EndGlobalSection
	GlobalSection(ProjectConfigurationPlatforms) = postSolution
		{04361445-12D4-4A54-B55E-236FB2F54AED}.Debug|Any CPU.ActiveCfg = Debug|Any CPU
		{04361445-12D4-4A54-B55E-236FB2F54AED}.Debug|Any CPU.Build.0 = Debug|Any CPU
		{04361445-12D4-4A54-B55E-236FB2F54AED}.Release|Any CPU.ActiveCfg = Release|Any CPU
		{04361445-12D4-4A54-B55E-236FB2F54AED}.Release|Any CPU.Build.0 = Release|Any CPU
		{D0C478AA-C0AC-4E22-8F7F-39387B130FF6}.Debug|Any CPU.ActiveCfg = Debug|Any CPU
		{D0C478AA-C0AC-4E22-8F7F-39387B130FF6}.Debug|Any CPU.Build.0 = Debug|Any CPU
		{D0C478AA-C0AC-4E22-8F7F-39387B130FF6}.Release|Any CPU.ActiveCfg = Release|Any CPU
		{D0C478AA-C0AC-4E22-8F7F-39387B130FF6}.Release|Any CPU.Build.0 = Release|Any CPU
		{EEB2B099-60FA-4378-A9F0-7A84A4DCEB8B}.Debug|Any CPU.ActiveCfg = Debug|Any CPU
		{EEB2B099-60FA-4378-A9F0-7A84A4DCEB8B}.Debug|Any CPU.Build.0 = Debug|Any CPU
		{EEB2B099-60FA-4378-A9F0-7A84A4DCEB8B}.Release|Any CPU.ActiveCfg = Release|Any CPU
		{EEB2B099-60FA-4378-A9F0-7A84A4DCEB8B}.Release|Any CPU.Build.0 = Release|Any CPU
		{7C1E4AF6-C822-4433-BE45-AD8894B00B7E}.Debug|Any CPU.ActiveCfg = Debug|Any CPU
		{7C1E4AF6-C822-4433-BE45-AD8894B00B7E}.Debug|Any CPU.Build.0 = Debug|Any CPU
		{7C1E4AF6-C822-4433-BE45-AD8894B00B7E}.Release|Any CPU.ActiveCfg = Release|Any CPU
		{7C1E4AF6-C822-4433-BE45-AD8894B00B7E}.Release|Any CPU.Build.0 = Release|Any CPU
		{CB7BB898-63F7-426A-9FAF-5BD3219B5B81}.Debug|Any CPU.ActiveCfg = Debug|Any CPU
		{CB7BB898-63F7-426A-9FAF-5BD3219B5B81}.Debug|Any CPU.Build.0 = Debug|Any CPU
		{CB7BB898-63F7-426A-9FAF-5BD3219B5B81}.Release|Any CPU.ActiveCfg = Release|Any CPU
		{CB7BB898-63F7-426A-9FAF-5BD3219B5B81}.Release|Any CPU.Build.0 = Release|Any CPU
		{E6C27946-30B9-44BD-B5DC-30CE2E415F96}.Debug|Any CPU.ActiveCfg = Debug|Any CPU
		{E6C27946-30B9-44BD-B5DC-30CE2E415F96}.Debug|Any CPU.Build.0 = Debug|Any CPU
		{E6C27946-30B9-44BD-B5DC-30CE2E415F96}.Release|Any CPU.ActiveCfg = Release|Any CPU
		{E6C27946-30B9-44BD-B5DC-30CE2E415F96}.Release|Any CPU.Build.0 = Release|Any CPU
	EndGlobalSection
	GlobalSection(SolutionProperties) = preSolution
		HideSolutionNode = FALSE
	EndGlobalSection
	GlobalSection(NestedProjects) = preSolution
		{04361445-12D4-4A54-B55E-236FB2F54AED} = {BC735634-62BB-45BF-BC6A-E6A87FA2859E}
		{A45897B0-1010-446A-8D8D-8ECD0592419F} = {2F52A958-6536-41E1-8F20-342B5B91BFBC}
		{A84D4DDB-3785-4C5D-8787-5F63528EDAC0} = {2F52A958-6536-41E1-8F20-342B5B91BFBC}
		{2D296AE3-23FD-4B89-B061-961ACF1513B4} = {2F52A958-6536-41E1-8F20-342B5B91BFBC}
		{D0C478AA-C0AC-4E22-8F7F-39387B130FF6} = {A84D4DDB-3785-4C5D-8787-5F63528EDAC0}
		{EEB2B099-60FA-4378-A9F0-7A84A4DCEB8B} = {A84D4DDB-3785-4C5D-8787-5F63528EDAC0}
		{7C1E4AF6-C822-4433-BE45-AD8894B00B7E} = {2D296AE3-23FD-4B89-B061-961ACF1513B4}
		{CB7BB898-63F7-426A-9FAF-5BD3219B5B81} = {2D296AE3-23FD-4B89-B061-961ACF1513B4}
		{E6C27946-30B9-44BD-B5DC-30CE2E415F96} = {A45897B0-1010-446A-8D8D-8ECD0592419F}
	EndGlobalSection
	GlobalSection(ExtensibilityGlobals) = postSolution
		SolutionGuid = {CF80BD9D-84F9-451C-B22F-56C7F0C09A0D}
	EndGlobalSection
EndGlobal
